// !$*UTF8*$!
{
	archiveVersion = 1;
	classes = {
	};
	objectVersion = 50;
	objects = {

/* Begin PBXBuildFile section */
		4C607F5224CF9706005171A2 /* MasterView.swift in Sources */ = {isa = PBXBuildFile; fileRef = 4C607F5124CF9706005171A2 /* MasterView.swift */; };
		4C607F5424CF9766005171A2 /* DetailView.swift in Sources */ = {isa = PBXBuildFile; fileRef = 4C607F5324CF9766005171A2 /* DetailView.swift */; };
		4C6D7A4A24BB9F1E0071D283 /* AppStateDemo.swift in Sources */ = {isa = PBXBuildFile; fileRef = 4C6D7A4924BB9F1E0071D283 /* AppStateDemo.swift */; };
		4C6D7A4E24BB9F1E0071D283 /* ContentView.swift in Sources */ = {isa = PBXBuildFile; fileRef = 4C6D7A4D24BB9F1E0071D283 /* ContentView.swift */; };
		4C6D7A5024BB9F200071D283 /* Assets.xcassets in Resources */ = {isa = PBXBuildFile; fileRef = 4C6D7A4F24BB9F200071D283 /* Assets.xcassets */; };
		4C6D7A5324BB9F200071D283 /* Preview Assets.xcassets in Resources */ = {isa = PBXBuildFile; fileRef = 4C6D7A5224BB9F200071D283 /* Preview Assets.xcassets */; };
		4C6D7A5624BB9F200071D283 /* LaunchScreen.storyboard in Resources */ = {isa = PBXBuildFile; fileRef = 4C6D7A5424BB9F200071D283 /* LaunchScreen.storyboard */; };
		4C75A43924CF5FC800458FF0 /* Debugging.swift in Sources */ = {isa = PBXBuildFile; fileRef = 4C75A43824CF5FC800458FF0 /* Debugging.swift */; };
/* End PBXBuildFile section */

/* Begin PBXFileReference section */
		4C607F5124CF9706005171A2 /* MasterView.swift */ = {isa = PBXFileReference; lastKnownFileType = sourcecode.swift; path = MasterView.swift; sourceTree = "<group>"; };
		4C607F5324CF9766005171A2 /* DetailView.swift */ = {isa = PBXFileReference; lastKnownFileType = sourcecode.swift; path = DetailView.swift; sourceTree = "<group>"; };
		4C6D7A4624BB9F1E0071D283 /* StateDemo.app */ = {isa = PBXFileReference; explicitFileType = wrapper.application; includeInIndex = 0; path = StateDemo.app; sourceTree = BUILT_PRODUCTS_DIR; };
		4C6D7A4924BB9F1E0071D283 /* AppStateDemo.swift */ = {isa = PBXFileReference; lastKnownFileType = sourcecode.swift; path = AppStateDemo.swift; sourceTree = "<group>"; };
		4C6D7A4D24BB9F1E0071D283 /* ContentView.swift */ = {isa = PBXFileReference; lastKnownFileType = sourcecode.swift; path = ContentView.swift; sourceTree = "<group>"; };
		4C6D7A4F24BB9F200071D283 /* Assets.xcassets */ = {isa = PBXFileReference; lastKnownFileType = folder.assetcatalog; path = Assets.xcassets; sourceTree = "<group>"; };
		4C6D7A5224BB9F200071D283 /* Preview Assets.xcassets */ = {isa = PBXFileReference; lastKnownFileType = folder.assetcatalog; path = "Preview Assets.xcassets"; sourceTree = "<group>"; };
		4C6D7A5524BB9F200071D283 /* Base */ = {isa = PBXFileReference; lastKnownFileType = file.storyboard; name = Base; path = Base.lproj/LaunchScreen.storyboard; sourceTree = "<group>"; };
		4C6D7A5724BB9F200071D283 /* Info.plist */ = {isa = PBXFileReference; lastKnownFileType = text.plist.xml; path = Info.plist; sourceTree = "<group>"; };
		4C75A43824CF5FC800458FF0 /* Debugging.swift */ = {isa = PBXFileReference; lastKnownFileType = sourcecode.swift; path = Debugging.swift; sourceTree = "<group>"; };
/* End PBXFileReference section */

/* Begin PBXFrameworksBuildPhase section */
		4C6D7A4324BB9F1E0071D283 /* Frameworks */ = {
			isa = PBXFrameworksBuildPhase;
			buildActionMask = 2147483647;
			files = (
			);
			runOnlyForDeploymentPostprocessing = 0;
		};
/* End PBXFrameworksBuildPhase section */

/* Begin PBXGroup section */
		4C6D7A3D24BB9F1E0071D283 = {
			isa = PBXGroup;
			children = (
				4C6D7A4824BB9F1E0071D283 /* StateDemo */,
				4C6D7A4724BB9F1E0071D283 /* Products */,
			);
			sourceTree = "<group>";
		};
		4C6D7A4724BB9F1E0071D283 /* Products */ = {
			isa = PBXGroup;
			children = (
				4C6D7A4624BB9F1E0071D283 /* StateDemo.app */,
			);
			name = Products;
			sourceTree = "<group>";
		};
		4C6D7A4824BB9F1E0071D283 /* StateDemo */ = {
			isa = PBXGroup;
			children = (
				4C6D7A4924BB9F1E0071D283 /* AppStateDemo.swift */,
				4C6D7A4D24BB9F1E0071D283 /* ContentView.swift */,
				4C607F5124CF9706005171A2 /* MasterView.swift */,
				4C607F5324CF9766005171A2 /* DetailView.swift */,
				4C75A43824CF5FC800458FF0 /* Debugging.swift */,
				4C6D7A4F24BB9F200071D283 /* Assets.xcassets */,
				4C6D7A5424BB9F200071D283 /* LaunchScreen.storyboard */,
				4C6D7A5724BB9F200071D283 /* Info.plist */,
				4C6D7A5124BB9F200071D283 /* Preview Content */,
			);
			path = StateDemo;
			sourceTree = "<group>";
		};
		4C6D7A5124BB9F200071D283 /* Preview Content */ = {
			isa = PBXGroup;
			children = (
				4C6D7A5224BB9F200071D283 /* Preview Assets.xcassets */,
			);
			path = "Preview Content";
			sourceTree = "<group>";
		};
/* End PBXGroup section */

/* Begin PBXNativeTarget section */
		4C6D7A4524BB9F1E0071D283 /* StateDemo */ = {
			isa = PBXNativeTarget;
			buildConfigurationList = 4C6D7A5A24BB9F200071D283 /* Build configuration list for PBXNativeTarget "StateDemo" */;
			buildPhases = (
				4C6D7A4224BB9F1E0071D283 /* Sources */,
				4C6D7A4324BB9F1E0071D283 /* Frameworks */,
				4C6D7A4424BB9F1E0071D283 /* Resources */,
			);
			buildRules = (
			);
			dependencies = (
			);
			name = StateDemo;
			productName = StateDemo;
			productReference = 4C6D7A4624BB9F1E0071D283 /* StateDemo.app */;
			productType = "com.apple.product-type.application";
		};
/* End PBXNativeTarget section */

/* Begin PBXProject section */
		4C6D7A3E24BB9F1E0071D283 /* Project object */ = {
			isa = PBXProject;
			attributes = {
				LastSwiftUpdateCheck = 1150;
				LastUpgradeCheck = 1150;
				ORGANIZATIONNAME = "Michael Long";
				TargetAttributes = {
					4C6D7A4524BB9F1E0071D283 = {
						CreatedOnToolsVersion = 11.5;
					};
				};
			};
			buildConfigurationList = 4C6D7A4124BB9F1E0071D283 /* Build configuration list for PBXProject "StateDemo" */;
			compatibilityVersion = "Xcode 9.3";
			developmentRegion = en;
			hasScannedForEncodings = 0;
			knownRegions = (
				en,
				Base,
			);
			mainGroup = 4C6D7A3D24BB9F1E0071D283;
			productRefGroup = 4C6D7A4724BB9F1E0071D283 /* Products */;
			projectDirPath = "";
			projectRoot = "";
			targets = (
				4C6D7A4524BB9F1E0071D283 /* StateDemo */,
			);
		};
/* End PBXProject section */

/* Begin PBXResourcesBuildPhase section */
		4C6D7A4424BB9F1E0071D283 /* Resources */ = {
			isa = PBXResourcesBuildPhase;
			buildActionMask = 2147483647;
			files = (
				4C6D7A5624BB9F200071D283 /* LaunchScreen.storyboard in Resources */,
				4C6D7A5324BB9F200071D283 /* Preview Assets.xcassets in Resources */,
				4C6D7A5024BB9F200071D283 /* Assets.xcassets in Resources */,
			);
			runOnlyForDeploymentPostprocessing = 0;
		};
/* End PBXResourcesBuildPhase section */

/* Begin PBXSourcesBuildPhase section */
		4C6D7A4224BB9F1E0071D283 /* Sources */ = {
			isa = PBXSourcesBuildPhase;
			buildActionMask = 2147483647;
			files = (
				4C6D7A4A24BB9F1E0071D283 /* AppStateDemo.swift in Sources */,
				4C75A43924CF5FC800458FF0 /* Debugging.swift in Sources */,
				4C607F5224CF9706005171A2 /* MasterView.swift in Sources */,
				4C607F5424CF9766005171A2 /* DetailView.swift in Sources */,
				4C6D7A4E24BB9F1E0071D283 /* ContentView.swift in Sources */,
			);
			runOnlyForDeploymentPostprocessing = 0;
		};
/* End PBXSourcesBuildPhase section */

/* Begin PBXVariantGroup section */
		4C6D7A5424BB9F200071D283 /* LaunchScreen.storyboard */ = {
			isa = PBXVariantGroup;
			children = (
				4C6D7A5524BB9F200071D283 /* Base */,
			);
			name = LaunchScreen.storyboard;
			sourceTree = "<group>";
		};
/* End PBXVariantGroup section */

/* Begin XCBuildConfiguration section */
		4C6D7A5824BB9F200071D283 /* Debug */ = {
			isa = XCBuildConfiguration;
			buildSettings = {
				ALWAYS_SEARCH_USER_PATHS = NO;
				CLANG_ANALYZER_NONNULL = YES;
				CLANG_ANALYZER_NUMBER_OBJECT_CONVERSION = YES_AGGRESSIVE;
				CLANG_CXX_LANGUAGE_STANDARD = "gnu++14";
				CLANG_CXX_LIBRARY = "libc++";
				CLANG_ENABLE_MODULES = YES;
				CLANG_ENABLE_OBJC_ARC = YES;
				CLANG_ENABLE_OBJC_WEAK = YES;
				CLANG_WARN_BLOCK_CAPTURE_AUTORELEASING = YES;
				CLANG_WARN_BOOL_CONVERSION = YES;
				CLANG_WARN_COMMA = YES;
				CLANG_WARN_CONSTANT_CONVERSION = YES;
				CLANG_WARN_DEPRECATED_OBJC_IMPLEMENTATIONS = YES;
				CLANG_WARN_DIRECT_OBJC_ISA_USAGE = YES_ERROR;
				CLANG_WARN_DOCUMENTATION_COMMENTS = YES;
				CLANG_WARN_EMPTY_BODY = YES;
				CLANG_WARN_ENUM_CONVERSION = YES;
				CLANG_WARN_INFINITE_RECURSION = YES;
				CLANG_WARN_INT_CONVERSION = YES;
				CLANG_WARN_NON_LITERAL_NULL_CONVERSION = YES;
				CLANG_WARN_OBJC_IMPLICIT_RETAIN_SELF = YES;
				CLANG_WARN_OBJC_LITERAL_CONVERSION = YES;
				CLANG_WARN_OBJC_ROOT_CLASS = YES_ERROR;
				CLANG_WARN_RANGE_LOOP_ANALYSIS = YES;
				CLANG_WARN_STRICT_PROTOTYPES = YES;
				CLANG_WARN_SUSPICIOUS_MOVE = YES;
				CLANG_WARN_UNGUARDED_AVAILABILITY = YES_AGGRESSIVE;
				CLANG_WARN_UNREACHABLE_CODE = YES;
				CLANG_WARN__DUPLICATE_METHOD_MATCH = YES;
				COPY_PHASE_STRIP = NO;
				DEBUG_INFORMATION_FORMAT = dwarf;
				ENABLE_STRICT_OBJC_MSGSEND = YES;
				ENABLE_TESTABILITY = YES;
				GCC_C_LANGUAGE_STANDARD = gnu11;
				GCC_DYNAMIC_NO_PIC = NO;
				GCC_NO_COMMON_BLOCKS = YES;
				GCC_OPTIMIZATION_LEVEL = 0;
				GCC_PREPROCESSOR_DEFINITIONS = (
					"DEBUG=1",
					"$(inherited)",
				);
				GCC_WARN_64_TO_32_BIT_CONVERSION = YES;
				GCC_WARN_ABOUT_RETURN_TYPE = YES_ERROR;
				GCC_WARN_UNDECLARED_SELECTOR = YES;
				GCC_WARN_UNINITIALIZED_AUTOS = YES_AGGRESSIVE;
				GCC_WARN_UNUSED_FUNCTION = YES;
				GCC_WARN_UNUSED_VARIABLE = YES;
				IPHONEOS_DEPLOYMENT_TARGET = 13.5;
				MTL_ENABLE_DEBUG_INFO = INCLUDE_SOURCE;
				MTL_FAST_MATH = YES;
				ONLY_ACTIVE_ARCH = YES;
				SDKROOT = iphoneos;
				SWIFT_ACTIVE_COMPILATION_CONDITIONS = DEBUG;
				SWIFT_OPTIMIZATION_LEVEL = "-Onone";
			};
			name = Debug;
		};
		4C6D7A5924BB9F200071D283 /* Release */ = {
			isa = XCBuildConfiguration;
			buildSettings = {
				ALWAYS_SEARCH_USER_PATHS = NO;
				CLANG_ANALYZER_NONNULL = YES;
				CLANG_ANALYZER_NUMBER_OBJECT_CONVERSION = YES_AGGRESSIVE;
				CLANG_CXX_LANGUAGE_STANDARD = "gnu++14";
				CLANG_CXX_LIBRARY = "libc++";
				CLANG_ENABLE_MODULES = YES;
				CLANG_ENABLE_OBJC_ARC = YES;
				CLANG_ENABLE_OBJC_WEAK = YES;
				CLANG_WARN_BLOCK_CAPTURE_AUTORELEASING = YES;
				CLANG_WARN_BOOL_CONVERSION = YES;
				CLANG_WARN_COMMA = YES;
				CLANG_WARN_CONSTANT_CONVERSION = YES;
				CLANG_WARN_DEPRECATED_OBJC_IMPLEMENTATIONS = YES;
				CLANG_WARN_DIRECT_OBJC_ISA_USAGE = YES_ERROR;
				CLANG_WARN_DOCUMENTATION_COMMENTS = YES;
				CLANG_WARN_EMPTY_BODY = YES;
				CLANG_WARN_ENUM_CONVERSION = YES;
				CLANG_WARN_INFINITE_RECURSION = YES;
				CLANG_WARN_INT_CONVERSION = YES;
				CLANG_WARN_NON_LITERAL_NULL_CONVERSION = YES;
				CLANG_WARN_OBJC_IMPLICIT_RETAIN_SELF = YES;
				CLANG_WARN_OBJC_LITERAL_CONVERSION = YES;
				CLANG_WARN_OBJC_ROOT_CLASS = YES_ERROR;
				CLANG_WARN_RANGE_LOOP_ANALYSIS = YES;
				CLANG_WARN_STRICT_PROTOTYPES = YES;
				CLANG_WARN_SUSPICIOUS_MOVE = YES;
				CLANG_WARN_UNGUARDED_AVAILABILITY = YES_AGGRESSIVE;
				CLANG_WARN_UNREACHABLE_CODE = YES;
				CLANG_WARN__DUPLICATE_METHOD_MATCH = YES;
				COPY_PHASE_STRIP = NO;
				DEBUG_INFORMATION_FORMAT = "dwarf-with-dsym";
				ENABLE_NS_ASSERTIONS = NO;
				ENABLE_STRICT_OBJC_MSGSEND = YES;
				GCC_C_LANGUAGE_STANDARD = gnu11;
				GCC_NO_COMMON_BLOCKS = YES;
				GCC_WARN_64_TO_32_BIT_CONVERSION = YES;
				GCC_WARN_ABOUT_RETURN_TYPE = YES_ERROR;
				GCC_WARN_UNDECLARED_SELECTOR = YES;
				GCC_WARN_UNINITIALIZED_AUTOS = YES_AGGRESSIVE;
				GCC_WARN_UNUSED_FUNCTION = YES;
				GCC_WARN_UNUSED_VARIABLE = YES;
				IPHONEOS_DEPLOYMENT_TARGET = 13.5;
				MTL_ENABLE_DEBUG_INFO = NO;
				MTL_FAST_MATH = YES;
				SDKROOT = iphoneos;
				SWIFT_COMPILATION_MODE = wholemodule;
				SWIFT_OPTIMIZATION_LEVEL = "-O";
				VALIDATE_PRODUCT = YES;
			};
			name = Release;
		};
		4C6D7A5B24BB9F200071D283 /* Debug */ = {
			isa = XCBuildConfiguration;
			buildSettings = {
				ASSETCATALOG_COMPILER_APPICON_NAME = AppIcon;
				CODE_SIGN_STYLE = Automatic;
				DEVELOPMENT_ASSET_PATHS = "\"StateDemo/Preview Content\"";
				DEVELOPMENT_TEAM = 9ZVHDWC4WU;
				ENABLE_PREVIEWS = YES;
				INFOPLIST_FILE = StateDemo/Info.plist;
				IPHONEOS_DEPLOYMENT_TARGET = 14.0;
				LD_RUNPATH_SEARCH_PATHS = (
					"$(inherited)",
					"@executable_path/Frameworks",
				);
				PRODUCT_BUNDLE_IDENTIFIER = com.hmlong.StateDemo;
				PRODUCT_NAME = "$(TARGET_NAME)";
				SWIFT_VERSION = 5.0;
				TARGETED_DEVICE_FAMILY = "1,2";
			};
			name = Debug;
		};
		4C6D7A5C24BB9F200071D283 /* Release */ = {
			isa = XCBuildConfiguration;
			buildSettings = {
				ASSETCATALOG_COMPILER_APPICON_NAME = AppIcon;
				CODE_SIGN_STYLE = Automatic;
				DEVELOPMENT_ASSET_PATHS = "\"StateDemo/Preview Content\"";
				DEVELOPMENT_TEAM = 9ZVHDWC4WU;
				ENABLE_PREVIEWS = YES;
				INFOPLIST_FILE = StateDemo/Info.plist;
				IPHONEOS_DEPLOYMENT_TARGET = 14.0;
				LD_RUNPATH_SEARCH_PATHS = (
					"$(inherited)",
					"@executable_path/Frameworks",
				);
				PRODUCT_BUNDLE_IDENTIFIER = com.hmlong.StateDemo;
				PRODUCT_NAME = "$(TARGET_NAME)";
				SWIFT_VERSION = 5.0;
				TARGETED_DEVICE_FAMILY = "1,2";
			};
			name = Release;
		};
/* End XCBuildConfiguration section */

/* Begin XCConfigurationList section */
		4C6D7A4124BB9F1E0071D283 /* Build configuration list for PBXProject "StateDemo" */ = {
			isa = XCConfigurationList;
			buildConfigurations = (
				4C6D7A5824BB9F200071D283 /* Debug */,
				4C6D7A5924BB9F200071D283 /* Release */,
			);
			defaultConfigurationIsVisible = 0;
			defaultConfigurationName = Release;
		};
		4C6D7A5A24BB9F200071D283 /* Build configuration list for PBXNativeTarget "StateDemo" */ = {
			isa = XCConfigurationList;
			buildConfigurations = (
				4C6D7A5B24BB9F200071D283 /* Debug */,
				4C6D7A5C24BB9F200071D283 /* Release */,
			);
			defaultConfigurationIsVisible = 0;
			defaultConfigurationName = Release;
		};
/* End XCConfigurationList section */
	};
	rootObject = 4C6D7A3E24BB9F1E0071D283 /* Project object */;
}
